
Microsoft Visual Studio Solution File, Format Version 12.00
# Visual Studio Version 16
VisualStudioVersion = 16.0.33214.272
MinimumVisualStudioVersion = 10.0.40219.1
Project("{FAE04EC0-301F-11D3-BF4B-00C04F79EFBC}") = "Bookstore", "Bookstore.csproj", "{3C457D3B-339D-4435-B8E5-0983B6430387}"
EndProject
Global
	GlobalSection(SolutionConfigurationPlatforms) = preSolution
		Debug|Any CPU = Debug|Any CPU
		Release|Any CPU = Release|Any CPU
	EndGlobalSection
	GlobalSection(ProjectConfigurationPlatforms) = postSolution
		{3C457D3B-339D-4435-B8E5-0983B6430387}.Debug|Any CPU.ActiveCfg = Debug|Any CPU
		{3C457D3B-339D-4435-B8E5-0983B6430387}.Debug|Any CPU.Build.0 = Debug|Any CPU
		{3C457D3B-339D-4435-B8E5-0983B6430387}.Release|Any CPU.ActiveCfg = Release|Any CPU
		{3C457D3B-339D-4435-B8E5-0983B6430387}.Release|Any CPU.Build.0 = Release|Any CPU
	EndGlobalSection
	GlobalSection(SolutionProperties) = preSolution
		HideSolutionNode = FALSE
	EndGlobalSection
	GlobalSection(ExtensibilityGlobals) = postSolution
		SolutionGuid = {1D4EAF52-9852-4BE9-A845-AAC0E378FB4B}
	EndGlobalSection
EndGlobal
